
Microsoft Visual Studio Solution File, Format Version 12.00
# Visual Studio Version 17
VisualStudioVersion = 17.2.32630.192
MinimumVisualStudioVersion = 10.0.40219.1
Project("{FAE04EC0-301F-11D3-BF4B-00C04F79EFBC}") = "Calculadora", "ConsoleApp1\Calculadora.csproj", "{8E13CE1B-590C-4931-BA36-B558A0837FF2}"
EndProject
Global
	GlobalSection(SolutionConfigurationPlatforms) = preSolution
		Debug|Any CPU = Debug|Any CPU
		Release|Any CPU = Release|Any CPU
	EndGlobalSection
	GlobalSection(ProjectConfigurationPlatforms) = postSolution
		{8E13CE1B-590C-4931-BA36-B558A0837FF2}.Debug|Any CPU.ActiveCfg = Debug|Any CPU
		{8E13CE1B-590C-4931-BA36-B558A0837FF2}.Debug|Any CPU.Build.0 = Debug|Any CPU
		{8E13CE1B-590C-4931-BA36-B558A0837FF2}.Release|Any CPU.ActiveCfg = Release|Any CPU
		{8E13CE1B-590C-4931-BA36-B558A0837FF2}.Release|Any CPU.Build.0 = Release|Any CPU
	EndGlobalSection
	GlobalSection(SolutionProperties) = preSolution
		HideSolutionNode = FALSE
	EndGlobalSection
	GlobalSection(ExtensibilityGlobals) = postSolution
		SolutionGuid = {3678DF42-C0F4-4D18-8DF4-0B4700A2B5F4}
	EndGlobalSection
EndGlobal
